
Microsoft Visual Studio Solution File, Format Version 12.00
# Visual Studio Version 17
VisualStudioVersion = 17.3.32901.215
MinimumVisualStudioVersion = 10.0.40219.1
Project("{FAE04EC0-301F-11D3-BF4B-00C04F79EFBC}") = "ByteBank_ADM", "ByteBank_ADM\ByteBank_ADM.csproj", "{7C9F0AFA-3DF2-4726-AF5E-1EE72841F0E1}"
EndProject
Global
	GlobalSection(SolutionConfigurationPlatforms) = preSolution
		Debug|Any CPU = Debug|Any CPU
		Release|Any CPU = Release|Any CPU
	EndGlobalSection
	GlobalSection(ProjectConfigurationPlatforms) = postSolution
		{7C9F0AFA-3DF2-4726-AF5E-1EE72841F0E1}.Debug|Any CPU.ActiveCfg = Debug|Any CPU
		{7C9F0AFA-3DF2-4726-AF5E-1EE72841F0E1}.Debug|Any CPU.Build.0 = Debug|Any CPU
		{7C9F0AFA-3DF2-4726-AF5E-1EE72841F0E1}.Release|Any CPU.ActiveCfg = Release|Any CPU
		{7C9F0AFA-3DF2-4726-AF5E-1EE72841F0E1}.Release|Any CPU.Build.0 = Release|Any CPU
	EndGlobalSection
	GlobalSection(SolutionProperties) = preSolution
		HideSolutionNode = FALSE
	EndGlobalSection
	GlobalSection(ExtensibilityGlobals) = postSolution
		SolutionGuid = {658D4A3C-B27C-4F57-AD77-7AF1900A3E40}
	EndGlobalSection
EndGlobal
