
Microsoft Visual Studio Solution File, Format Version 12.00
# Visual Studio Version 17
VisualStudioVersion = 17.3.32901.215
MinimumVisualStudioVersion = 10.0.40219.1
Project("{9A19103F-16F7-4668-BE54-9A1E7A4F7556}") = "ByteBank", "ByteBank\ByteBank.csproj", "{C0E18CC1-706B-4983-9CCD-EC9371C28AC8}"
EndProject
Global
	GlobalSection(SolutionConfigurationPlatforms) = preSolution
		Debug|Any CPU = Debug|Any CPU
		Release|Any CPU = Release|Any CPU
	EndGlobalSection
	GlobalSection(ProjectConfigurationPlatforms) = postSolution
		{C0E18CC1-706B-4983-9CCD-EC9371C28AC8}.Debug|Any CPU.ActiveCfg = Debug|Any CPU
		{C0E18CC1-706B-4983-9CCD-EC9371C28AC8}.Debug|Any CPU.Build.0 = Debug|Any CPU
		{C0E18CC1-706B-4983-9CCD-EC9371C28AC8}.Release|Any CPU.ActiveCfg = Release|Any CPU
		{C0E18CC1-706B-4983-9CCD-EC9371C28AC8}.Release|Any CPU.Build.0 = Release|Any CPU
	EndGlobalSection
	GlobalSection(SolutionProperties) = preSolution
		HideSolutionNode = FALSE
	EndGlobalSection
	GlobalSection(ExtensibilityGlobals) = postSolution
		SolutionGuid = {B033956B-41A5-450D-A62F-91E0C0BE2084}
	EndGlobalSection
EndGlobal
